
Microsoft Visual Studio Solution File, Format Version 12.00
# Visual Studio Express 2013 for Windows Desktop
VisualStudioVersion = 12.0.30723.0
MinimumVisualStudioVersion = 10.0.40219.1
Project("{FAE04EC0-301F-11D3-BF4B-00C04F79EFBC}") = "1. Interest Calculator", "1. Interest Calculator\1. Interest Calculator.csproj", "{631B3132-6F49-42A0-AF54-66B401DC6412}"
EndProject
Project("{FAE04EC0-301F-11D3-BF4B-00C04F79EFBC}") = "2. Asynchronous Timer", "2. Asynchronous Timer\2. Asynchronous Timer.csproj", "{1D5B3FAE-091E-475C-84E9-D30FED8F1E0D}"
EndProject
Project("{FAE04EC0-301F-11D3-BF4B-00C04F79EFBC}") = "3. Student Class", "3. Student Class\3. Student Class.csproj", "{0111B76E-EDE3-4A81-9BA5-00A1C91A6988}"
EndProject
Global
	GlobalSection(SolutionConfigurationPlatforms) = preSolution
		Debug|Any CPU = Debug|Any CPU
		Release|Any CPU = Release|Any CPU
	EndGlobalSection
	GlobalSection(ProjectConfigurationPlatforms) = postSolution
		{631B3132-6F49-42A0-AF54-66B401DC6412}.Debug|Any CPU.ActiveCfg = Debug|Any CPU
		{631B3132-6F49-42A0-AF54-66B401DC6412}.Debug|Any CPU.Build.0 = Debug|Any CPU
		{631B3132-6F49-42A0-AF54-66B401DC6412}.Release|Any CPU.ActiveCfg = Release|Any CPU
		{631B3132-6F49-42A0-AF54-66B401DC6412}.Release|Any CPU.Build.0 = Release|Any CPU
		{1D5B3FAE-091E-475C-84E9-D30FED8F1E0D}.Debug|Any CPU.ActiveCfg = Debug|Any CPU
		{1D5B3FAE-091E-475C-84E9-D30FED8F1E0D}.Debug|Any CPU.Build.0 = Debug|Any CPU
		{1D5B3FAE-091E-475C-84E9-D30FED8F1E0D}.Release|Any CPU.ActiveCfg = Release|Any CPU
		{1D5B3FAE-091E-475C-84E9-D30FED8F1E0D}.Release|Any CPU.Build.0 = Release|Any CPU
		{0111B76E-EDE3-4A81-9BA5-00A1C91A6988}.Debug|Any CPU.ActiveCfg = Debug|Any CPU
		{0111B76E-EDE3-4A81-9BA5-00A1C91A6988}.Debug|Any CPU.Build.0 = Debug|Any CPU
		{0111B76E-EDE3-4A81-9BA5-00A1C91A6988}.Release|Any CPU.ActiveCfg = Release|Any CPU
		{0111B76E-EDE3-4A81-9BA5-00A1C91A6988}.Release|Any CPU.Build.0 = Release|Any CPU
	EndGlobalSection
	GlobalSection(SolutionProperties) = preSolution
		HideSolutionNode = FALSE
	EndGlobalSection
EndGlobal
