
Microsoft Visual Studio Solution File, Format Version 12.00
# Visual Studio Express 2013 for Windows Desktop
VisualStudioVersion = 12.0.30723.0
MinimumVisualStudioVersion = 10.0.40219.1
Project("{FAE04EC0-301F-11D3-BF4B-00C04F79EFBC}") = "SquareRoot", "SquareRoot\SquareRoot.csproj", "{C825B0E0-BAED-4514-930B-AEFD665A459B}"
EndProject
Project("{FAE04EC0-301F-11D3-BF4B-00C04F79EFBC}") = "02EnterNumbers", "02EnterNumbers\02EnterNumbers.csproj", "{D4CA1C82-6736-455A-9CEC-277E0241D2B6}"
EndProject
Global
	GlobalSection(SolutionConfigurationPlatforms) = preSolution
		Debug|Any CPU = Debug|Any CPU
		Release|Any CPU = Release|Any CPU
	EndGlobalSection
	GlobalSection(ProjectConfigurationPlatforms) = postSolution
		{C825B0E0-BAED-4514-930B-AEFD665A459B}.Debug|Any CPU.ActiveCfg = Debug|Any CPU
		{C825B0E0-BAED-4514-930B-AEFD665A459B}.Debug|Any CPU.Build.0 = Debug|Any CPU
		{C825B0E0-BAED-4514-930B-AEFD665A459B}.Release|Any CPU.ActiveCfg = Release|Any CPU
		{C825B0E0-BAED-4514-930B-AEFD665A459B}.Release|Any CPU.Build.0 = Release|Any CPU
		{D4CA1C82-6736-455A-9CEC-277E0241D2B6}.Debug|Any CPU.ActiveCfg = Debug|Any CPU
		{D4CA1C82-6736-455A-9CEC-277E0241D2B6}.Debug|Any CPU.Build.0 = Debug|Any CPU
		{D4CA1C82-6736-455A-9CEC-277E0241D2B6}.Release|Any CPU.ActiveCfg = Release|Any CPU
		{D4CA1C82-6736-455A-9CEC-277E0241D2B6}.Release|Any CPU.Build.0 = Release|Any CPU
	EndGlobalSection
	GlobalSection(SolutionProperties) = preSolution
		HideSolutionNode = FALSE
	EndGlobalSection
EndGlobal
